
Microsoft Visual Studio Solution File, Format Version 12.00
# Visual Studio 15
VisualStudioVersion = 15.0.27130.2010
MinimumVisualStudioVersion = 10.0.40219.1
Project("{FAE04EC0-301F-11D3-BF4B-00C04F79EFBC}") = "FileSorting", "LargeFileSorting\FileSorting.csproj", "{672CD1B7-8620-44BD-978D-1ABE66E35AF9}"
EndProject
Project("{FAE04EC0-301F-11D3-BF4B-00C04F79EFBC}") = "UnsortedFileGenerator", "UnsortedFileGenerator\UnsortedFileGenerator.csproj", "{A94EF6BC-F264-4797-A533-3BB1C3ED1C25}"
EndProject
Project("{FAE04EC0-301F-11D3-BF4B-00C04F79EFBC}") = "Data", "Data\Data.csproj", "{AD8C8F51-5D13-42C0-B0E7-3F1B72AE863C}"
EndProject
Project("{FAE04EC0-301F-11D3-BF4B-00C04F79EFBC}") = "Dev.TestApp", "TestApp\Dev.TestApp.csproj", "{A8AE81DC-A859-4D28-A5A8-35CE58B9BD61}"
EndProject
Project("{FAE04EC0-301F-11D3-BF4B-00C04F79EFBC}") = "Common", "Common\Common.csproj", "{40016D86-8FE7-4829-8831-98574A207DF0}"
EndProject
Global
	GlobalSection(SolutionConfigurationPlatforms) = preSolution
		Debug|Any CPU = Debug|Any CPU
		Release|Any CPU = Release|Any CPU
	EndGlobalSection
	GlobalSection(ProjectConfigurationPlatforms) = postSolution
		{672CD1B7-8620-44BD-978D-1ABE66E35AF9}.Debug|Any CPU.ActiveCfg = Debug|Any CPU
		{672CD1B7-8620-44BD-978D-1ABE66E35AF9}.Debug|Any CPU.Build.0 = Debug|Any CPU
		{672CD1B7-8620-44BD-978D-1ABE66E35AF9}.Release|Any CPU.ActiveCfg = Release|Any CPU
		{672CD1B7-8620-44BD-978D-1ABE66E35AF9}.Release|Any CPU.Build.0 = Release|Any CPU
		{A94EF6BC-F264-4797-A533-3BB1C3ED1C25}.Debug|Any CPU.ActiveCfg = Debug|Any CPU
		{A94EF6BC-F264-4797-A533-3BB1C3ED1C25}.Debug|Any CPU.Build.0 = Debug|Any CPU
		{A94EF6BC-F264-4797-A533-3BB1C3ED1C25}.Release|Any CPU.ActiveCfg = Release|Any CPU
		{A94EF6BC-F264-4797-A533-3BB1C3ED1C25}.Release|Any CPU.Build.0 = Release|Any CPU
		{AD8C8F51-5D13-42C0-B0E7-3F1B72AE863C}.Debug|Any CPU.ActiveCfg = Debug|Any CPU
		{AD8C8F51-5D13-42C0-B0E7-3F1B72AE863C}.Debug|Any CPU.Build.0 = Debug|Any CPU
		{AD8C8F51-5D13-42C0-B0E7-3F1B72AE863C}.Release|Any CPU.ActiveCfg = Release|Any CPU
		{AD8C8F51-5D13-42C0-B0E7-3F1B72AE863C}.Release|Any CPU.Build.0 = Release|Any CPU
		{A8AE81DC-A859-4D28-A5A8-35CE58B9BD61}.Debug|Any CPU.ActiveCfg = Debug|Any CPU
		{A8AE81DC-A859-4D28-A5A8-35CE58B9BD61}.Debug|Any CPU.Build.0 = Debug|Any CPU
		{A8AE81DC-A859-4D28-A5A8-35CE58B9BD61}.Release|Any CPU.ActiveCfg = Release|Any CPU
		{A8AE81DC-A859-4D28-A5A8-35CE58B9BD61}.Release|Any CPU.Build.0 = Release|Any CPU
		{40016D86-8FE7-4829-8831-98574A207DF0}.Debug|Any CPU.ActiveCfg = Debug|Any CPU
		{40016D86-8FE7-4829-8831-98574A207DF0}.Debug|Any CPU.Build.0 = Debug|Any CPU
		{40016D86-8FE7-4829-8831-98574A207DF0}.Release|Any CPU.ActiveCfg = Release|Any CPU
		{40016D86-8FE7-4829-8831-98574A207DF0}.Release|Any CPU.Build.0 = Release|Any CPU
	EndGlobalSection
	GlobalSection(SolutionProperties) = preSolution
		HideSolutionNode = FALSE
	EndGlobalSection
	GlobalSection(ExtensibilityGlobals) = postSolution
		SolutionGuid = {5378701B-EB9D-4A30-ABBF-B2A2BE245843}
	EndGlobalSection
EndGlobal
